
Microsoft Visual Studio Solution File, Format Version 12.00
# Visual Studio 15
VisualStudioVersion = 15.0.27703.2026
MinimumVisualStudioVersion = 10.0.40219.1
Project("{8BC9CEB8-8B4A-11D0-8D11-00A0C91BC942}") = "DirectX12", "DirectX12\DirectX12.vcxproj", "{56D42E96-F184-4B2B-95EA-A9F174CA16B1}"
EndProject
Global
	GlobalSection(SolutionConfigurationPlatforms) = preSolution
		Debug|x64 = Debug|x64
		Debug|x86 = Debug|x86
		Release|x64 = Release|x64
		Release|x86 = Release|x86
	EndGlobalSection
	GlobalSection(ProjectConfigurationPlatforms) = postSolution
		{56D42E96-F184-4B2B-95EA-A9F174CA16B1}.Debug|x64.ActiveCfg = Debug|x64
		{56D42E96-F184-4B2B-95EA-A9F174CA16B1}.Debug|x64.Build.0 = Debug|x64
		{56D42E96-F184-4B2B-95EA-A9F174CA16B1}.Debug|x86.ActiveCfg = Debug|Win32
		{56D42E96-F184-4B2B-95EA-A9F174CA16B1}.Debug|x86.Build.0 = Debug|Win32
		{56D42E96-F184-4B2B-95EA-A9F174CA16B1}.Release|x64.ActiveCfg = Release|x64
		{56D42E96-F184-4B2B-95EA-A9F174CA16B1}.Release|x64.Build.0 = Release|x64
		{56D42E96-F184-4B2B-95EA-A9F174CA16B1}.Release|x86.ActiveCfg = Release|Win32
		{56D42E96-F184-4B2B-95EA-A9F174CA16B1}.Release|x86.Build.0 = Release|Win32
	EndGlobalSection
	GlobalSection(SolutionProperties) = preSolution
		HideSolutionNode = FALSE
	EndGlobalSection
	GlobalSection(ExtensibilityGlobals) = postSolution
		SolutionGuid = {6A3BA22D-FF56-41D2-854E-92CB45CE68A1}
	EndGlobalSection
EndGlobal
